{
  "lightspeed.nvim": "9fddb6ebf4007eaa26f44cd31b5140cbd3bbb820",
  "tabby.nvim": "c2992dadee4ba6588f6cfa45c62f6482af02a2ee",
  "catppuccin": "18c286399a4692522dcff64985d2f9c35b798d3b",
  "indentLine": "5617a1cf7d315e6e6f84d825c85e3b669d220bfa",
  "nightfox.nvim": "3b0483f6440e4f72ae58a8e1730df518f00b70df",
  "symbols-outline.nvim": "034792838579c4b1515c8a5037aba58ecd1d9b35",
  "gruvbox-flat.nvim": "c384a5719b1ef9f5be925a94491d10c35eaf09a5",
  "startuptime.vim": "dfa57f522d6f61793fe5fea65bca7484751b8ca2",
  "nvim-ts-autotag": "32bc46ee8b21f88f87d97b976ae6674595b311b5",
  "project.nvim": "71d0e23dcfc43cfd6bb2a97dc5a7de1ab47a6538",
  "cmp_luasnip": "d6f837f4e8fe48eeae288e638691b91b97d1737f",
  "popup.nvim": "b7404d35d5d3548a82149238289fa71f7f6de4ac",
  "gitsigns.nvim": "c18fc65c77abf95ac2e7783b9e7455a7a2fab26c",
  "plenary.nvim": "563d9f6d083f0514548f2ac4ad1888326d0a1c66",
  "git-messenger.vim": "2e67899355f3f631aad6845925e4c2c13546444d",
  "playground": "787a7a8d4444e58467d6b3d4b88a497e7d494643",
  "pest.vim": "ebeeea5e0757adee037135cf3b8248589b22ae16",
  "orgmode.nvim": "2fdc13ebc9bfd904d26991ac02ea29fde973b24c",
  "editorconfig-vim": "3078cd10b28904e57d878c0d0dab42aa0a9fdc89",
  "diffview.nvim": "eef47458679a922ef101c1e4c07fb7b36d701385",
  "nvim-biscuits": "15a0cb1273bd36d5a734210cdc3406fb4bcfb733",
  "nvim-ts-context-commentstring": "097df33c9ef5bbd3828105e4bee99965b758dc3f",
  "committia.vim": "0b4df1a7f48ffbc23b009bd14d58ee1be541917c",
  "startup.nvim": "43685cbd6a7102983b8c88a8d1aff34034ccc5e7",
  "nvim-treesitter-context": "e1f54e1627176337b3803a11403ac0e9d09de818",
  "nvim-tree.lua": "0a2f6b0b6ba558a88c77a6b262af647760e6eca8",
  "nvim-toggleterm.lua": "ce92e485a9a731405393af2bd1aff5b49ba9eb73",
  "nvim-spectre": "e551b3c91288e3140c8581491ec6396505558c56",
  "nvim-lspconfig": "9a122f640c4ae2610c9834327cbf6d1175a95712",
  "feline.nvim": "e54e0cc5338b44d97dcaab83dd67d5a522656774",
  "nvim-dap-ui": "34071e235c07f694861ec585bb3c7c55a07e345b",
  "which-key.nvim": "312c386ee0eafc925c27869d2be9c11ebdb807eb",
  "nvim-dap": "a6fa644f9de62c594a8a9cf6f2aaf324b5a6108b",
  "vim-tmux-navigator": "9ca5bfe5bd274051b5dd796cc150348afc993b80",
  "nvim-lsp-installer": "284e9145accb7e97b2d3486fe6a7daaeb7ff3b97",
  "nvim-colorizer.lua": "36c610a9717cc9ec426a07c8e6bf3b3abcb139d6",
  "vim-textobj-user": "41a675ddbeefd6a93664a4dc52f302fe3086a933",
  "nvim-autopairs": "96858723f1cba6a3eb004373a20c315d90584ea6",
  "nvim-code-action-menu": "796d45f0ac89b9e5b6d41fb2c1fada25c1aba870",
  "one-small-step-for-vimkind": "59ec6f57545a42e68995994bfa57479da5e68b74",
  "nvim-treesitter-textobjects": "6ee11ac62681eb2eb8104a4ce509a9a861672cb5",
  "vim-sort-motion": "c8782be8f7da414c6442b3ba4b6abb0345d392d9",
  "vim-just": "312615d5b4c4aa2595d697faca5af345ba8fe102",
  "octo.nvim": "1cb910a7a42398580618ac4f3c3731214ea0916d",
  "vim-sandwich": "cfe8b70e4f404e3bbb9d4e97e082a4294a5762a4",
  "cmp-nvim-lsp": "b4251f0fca1daeb6db5d60a23ca81507acf858c2",
  "cmp-nvim-lua": "d276254e7198ab7d00f117e88e223b4bd8c02d21",
  "vim-markdown": "8e5d86f7b85234d3d1b4207dceebc43a768ed5d4",
  "cmp-buffer": "f83773e2f433a923997c5faad7ea689ec24d1785",
  "cmp-treesitter": "a6b4c95ee922cace635b5a46c7fcc691d2559fbb",
  "nvim-bufdel": "17d17a4b16e5b5a7403470a8b5afc10772d4e84a",
  "nvim-web-devicons": "ac71ca88b1136e1ecb2aefef4948130f31aa40d1",
  "packer.nvim": "851c62c5ecd3b5adc91665feda8f977e104162a5",
  "LuaSnip": "ed0140696fa99ea072bc485c87d22a396c477db3",
  "crates.nvim": "6d7126eb408fc570c889a10d05c37f91c8ad4dbb",
  "vim-fugitive": "b1c3cdffc94c2cbe48777db5cf8bc9156b17d070",
  "friendly-snippets": "9f04462bcabfd108341a6e47ed742b09a6a5b975",
  "nvim-cmp": "1b94aacada96d2a33fef2ecf87748b27a2f50630",
  "vim-easy-align": "12dd6316974f71ce333e360c0260b4e1f81169c3",
  "nvim-dap-virtual-text": "fb176ca8cf666331fcfa75b7dcc238116d66f801",
  "neovim": "25e7f54592198e59fb8a3ba3abdab4fba8b452f5",
  "vim-commentary": "627308e30639be3e2d5402808ce18690557e8292",
  "cmp-path": "4d58224e315426e5ac4c5b218ca86cab85f80c79",
  "embark": "aedd387afd0f15032ea68b5d806dac01aeb54e63",
  "trouble.nvim": "20469be985143d024c460d95326ebeff9971d714",
  "markdown-preview.nvim": "e5bfe9b89dc9c2fbd24ed0f0596c85fd0568b143",
  "neogit": "0ff8e0c53092a9cb3a2bf138b05f7efd1f6d2481",
  "telescope.nvim": "a01ebd2793999c11d727fd15b1e5979ba20c7503",
  "cmp-spell": "5602f1a0de7831f8dad5b0c6db45328fbd539971",
  "lsp_signature.nvim": "722e01e052dd8c4883c7c92b30073dd5f4a47d7e",
  "telescope-fzy-native.nvim": "7b3d2528102f858036627a68821ccf5fc1d78ce4",
  "vim-textobj-comment": "58ae4571b76a5bf74850698f23d235eef991dd4b",
  "lsp-status.nvim": "4073f766f1303fb602802075e558fe43e382cc92",
  "telescope-frecency.nvim": "979a6f3d882b7b5352cc6a751faa9c9427d40e74",
  "cmp-emoji": "19075c36d5820253d32e2478b6aaf3734aeaafa0",
  "linediff.vim": "c7710dbc59881b038ca064b6c54fe482303e8304",
  "sqlite.lua": "3855b4ae6f20b73f8694f48b82ccc73a99d45b39",
  "targets.vim": "8d6ff2984cdfaebe5b7a6eee8f226a6dd1226f2d",
  "impatient.nvim": "3ea9abedb6941995b05fdad654d9cfd51c38a31f"
}